// !$*UTF8*$!
{
	archiveVersion = 1;
	classes = {
	};
	objectVersion = 56;
	objects = {

/* Begin PBXBuildFile section */
		3C3F9F342BD1F1740031BC67 /* RealityKitContent in Frameworks */ = {isa = PBXBuildFile; productRef = 3C3F9F332BD1F1740031BC67 /* RealityKitContent */; };
		3C3F9F362BD1F1740031BC67 /* RotationGestureApp.swift in Sources */ = {isa = PBXBuildFile; fileRef = 3C3F9F352BD1F1740031BC67 /* RotationGestureApp.swift */; };
		3C3F9F382BD1F1740031BC67 /* ContentView.swift in Sources */ = {isa = PBXBuildFile; fileRef = 3C3F9F372BD1F1740031BC67 /* ContentView.swift */; };
		3C3F9F3A2BD1F1760031BC67 /* Assets.xcassets in Resources */ = {isa = PBXBuildFile; fileRef = 3C3F9F392BD1F1760031BC67 /* Assets.xcassets */; };
		3C3F9F3D2BD1F1760031BC67 /* Preview Assets.xcassets in Resources */ = {isa = PBXBuildFile; fileRef = 3C3F9F3C2BD1F1760031BC67 /* Preview Assets.xcassets */; };
		3C3F9F462BD1F2940031BC67 /* SeaCreatureModel.swift in Sources */ = {isa = PBXBuildFile; fileRef = 3C3F9F452BD1F2940031BC67 /* SeaCreatureModel.swift */; };
		3C3F9F482BD1F3930031BC67 /* SeaCreatureDetailView.swift in Sources */ = {isa = PBXBuildFile; fileRef = 3C3F9F472BD1F3930031BC67 /* SeaCreatureDetailView.swift */; };
/* End PBXBuildFile section */

/* Begin PBXFileReference section */
		3C3F9F2E2BD1F1740031BC67 /* RotationGesture.app */ = {isa = PBXFileReference; explicitFileType = wrapper.application; includeInIndex = 0; path = RotationGesture.app; sourceTree = BUILT_PRODUCTS_DIR; };
		3C3F9F322BD1F1740031BC67 /* RealityKitContent */ = {isa = PBXFileReference; lastKnownFileType = wrapper; path = RealityKitContent; sourceTree = "<group>"; };
		3C3F9F352BD1F1740031BC67 /* RotationGestureApp.swift */ = {isa = PBXFileReference; lastKnownFileType = sourcecode.swift; path = RotationGestureApp.swift; sourceTree = "<group>"; };
		3C3F9F372BD1F1740031BC67 /* ContentView.swift */ = {isa = PBXFileReference; lastKnownFileType = sourcecode.swift; path = ContentView.swift; sourceTree = "<group>"; };
		3C3F9F392BD1F1760031BC67 /* Assets.xcassets */ = {isa = PBXFileReference; lastKnownFileType = folder.assetcatalog; path = Assets.xcassets; sourceTree = "<group>"; };
		3C3F9F3C2BD1F1760031BC67 /* Preview Assets.xcassets */ = {isa = PBXFileReference; lastKnownFileType = folder.assetcatalog; path = "Preview Assets.xcassets"; sourceTree = "<group>"; };
		3C3F9F3E2BD1F1760031BC67 /* Info.plist */ = {isa = PBXFileReference; lastKnownFileType = text.plist.xml; path = Info.plist; sourceTree = "<group>"; };
		3C3F9F452BD1F2940031BC67 /* SeaCreatureModel.swift */ = {isa = PBXFileReference; lastKnownFileType = sourcecode.swift; path = SeaCreatureModel.swift; sourceTree = "<group>"; };
		3C3F9F472BD1F3930031BC67 /* SeaCreatureDetailView.swift */ = {isa = PBXFileReference; lastKnownFileType = sourcecode.swift; path = SeaCreatureDetailView.swift; sourceTree = "<group>"; };
/* End PBXFileReference section */

/* Begin PBXFrameworksBuildPhase section */
		3C3F9F2B2BD1F1740031BC67 /* Frameworks */ = {
			isa = PBXFrameworksBuildPhase;
			buildActionMask = 2147483647;
			files = (
				3C3F9F342BD1F1740031BC67 /* RealityKitContent in Frameworks */,
			);
			runOnlyForDeploymentPostprocessing = 0;
		};
/* End PBXFrameworksBuildPhase section */

/* Begin PBXGroup section */
		3C3F9F252BD1F1740031BC67 = {
			isa = PBXGroup;
			children = (
				3C3F9F302BD1F1740031BC67 /* RotationGesture */,
				3C3F9F312BD1F1740031BC67 /* Packages */,
				3C3F9F2F2BD1F1740031BC67 /* Products */,
			);
			sourceTree = "<group>";
		};
		3C3F9F2F2BD1F1740031BC67 /* Products */ = {
			isa = PBXGroup;
			children = (
				3C3F9F2E2BD1F1740031BC67 /* RotationGesture.app */,
			);
			name = Products;
			sourceTree = "<group>";
		};
		3C3F9F302BD1F1740031BC67 /* RotationGesture */ = {
			isa = PBXGroup;
			children = (
				3C3F9F352BD1F1740031BC67 /* RotationGestureApp.swift */,
				3C3F9F372BD1F1740031BC67 /* ContentView.swift */,
				3C3F9F472BD1F3930031BC67 /* SeaCreatureDetailView.swift */,
				3C3F9F442BD1F26D0031BC67 /* Model */,
				3C3F9F392BD1F1760031BC67 /* Assets.xcassets */,
				3C3F9F3E2BD1F1760031BC67 /* Info.plist */,
				3C3F9F3B2BD1F1760031BC67 /* Preview Content */,
			);
			path = RotationGesture;
			sourceTree = "<group>";
		};
		3C3F9F312BD1F1740031BC67 /* Packages */ = {
			isa = PBXGroup;
			children = (
				3C3F9F322BD1F1740031BC67 /* RealityKitContent */,
			);
			path = Packages;
			sourceTree = "<group>";
		};
		3C3F9F3B2BD1F1760031BC67 /* Preview Content */ = {
			isa = PBXGroup;
			children = (
				3C3F9F3C2BD1F1760031BC67 /* Preview Assets.xcassets */,
			);
			path = "Preview Content";
			sourceTree = "<group>";
		};
		3C3F9F442BD1F26D0031BC67 /* Model */ = {
			isa = PBXGroup;
			children = (
				3C3F9F452BD1F2940031BC67 /* SeaCreatureModel.swift */,
			);
			path = Model;
			sourceTree = "<group>";
		};
/* End PBXGroup section */

/* Begin PBXNativeTarget section */
		3C3F9F2D2BD1F1740031BC67 /* RotationGesture */ = {
			isa = PBXNativeTarget;
			buildConfigurationList = 3C3F9F412BD1F1760031BC67 /* Build configuration list for PBXNativeTarget "RotationGesture" */;
			buildPhases = (
				3C3F9F2A2BD1F1740031BC67 /* Sources */,
				3C3F9F2B2BD1F1740031BC67 /* Frameworks */,
				3C3F9F2C2BD1F1740031BC67 /* Resources */,
			);
			buildRules = (
			);
			dependencies = (
			);
			name = RotationGesture;
			packageProductDependencies = (
				3C3F9F332BD1F1740031BC67 /* RealityKitContent */,
			);
			productName = RotationGesture;
			productReference = 3C3F9F2E2BD1F1740031BC67 /* RotationGesture.app */;
			productType = "com.apple.product-type.application";
		};
/* End PBXNativeTarget section */

/* Begin PBXProject section */
		3C3F9F262BD1F1740031BC67 /* Project object */ = {
			isa = PBXProject;
			attributes = {
				BuildIndependentTargetsInParallel = 1;
				LastSwiftUpdateCheck = 1530;
				LastUpgradeCheck = 1530;
				TargetAttributes = {
					3C3F9F2D2BD1F1740031BC67 = {
						CreatedOnToolsVersion = 15.3;
					};
				};
			};
			buildConfigurationList = 3C3F9F292BD1F1740031BC67 /* Build configuration list for PBXProject "RotationGesture" */;
			compatibilityVersion = "Xcode 14.0";
			developmentRegion = en;
			hasScannedForEncodings = 0;
			knownRegions = (
				en,
				Base,
			);
			mainGroup = 3C3F9F252BD1F1740031BC67;
			productRefGroup = 3C3F9F2F2BD1F1740031BC67 /* Products */;
			projectDirPath = "";
			projectRoot = "";
			targets = (
				3C3F9F2D2BD1F1740031BC67 /* RotationGesture */,
			);
		};
/* End PBXProject section */

/* Begin PBXResourcesBuildPhase section */
		3C3F9F2C2BD1F1740031BC67 /* Resources */ = {
			isa = PBXResourcesBuildPhase;
			buildActionMask = 2147483647;
			files = (
				3C3F9F3D2BD1F1760031BC67 /* Preview Assets.xcassets in Resources */,
				3C3F9F3A2BD1F1760031BC67 /* Assets.xcassets in Resources */,
			);
			runOnlyForDeploymentPostprocessing = 0;
		};
/* End PBXResourcesBuildPhase section */

/* Begin PBXSourcesBuildPhase section */
		3C3F9F2A2BD1F1740031BC67 /* Sources */ = {
			isa = PBXSourcesBuildPhase;
			buildActionMask = 2147483647;
			files = (
				3C3F9F482BD1F3930031BC67 /* SeaCreatureDetailView.swift in Sources */,
				3C3F9F382BD1F1740031BC67 /* ContentView.swift in Sources */,
				3C3F9F462BD1F2940031BC67 /* SeaCreatureModel.swift in Sources */,
				3C3F9F362BD1F1740031BC67 /* RotationGestureApp.swift in Sources */,
			);
			runOnlyForDeploymentPostprocessing = 0;
		};
/* End PBXSourcesBuildPhase section */

/* Begin XCBuildConfiguration section */
		3C3F9F3F2BD1F1760031BC67 /* Debug */ = {
			isa = XCBuildConfiguration;
			buildSettings = {
				ALWAYS_SEARCH_USER_PATHS = NO;
				ASSETCATALOG_COMPILER_GENERATE_SWIFT_ASSET_SYMBOL_EXTENSIONS = YES;
				CLANG_ANALYZER_NONNULL = YES;
				CLANG_ANALYZER_NUMBER_OBJECT_CONVERSION = YES_AGGRESSIVE;
				CLANG_CXX_LANGUAGE_STANDARD = "gnu++20";
				CLANG_ENABLE_MODULES = YES;
				CLANG_ENABLE_OBJC_ARC = YES;
				CLANG_ENABLE_OBJC_WEAK = YES;
				CLANG_WARN_BLOCK_CAPTURE_AUTORELEASING = YES;
				CLANG_WARN_BOOL_CONVERSION = YES;
				CLANG_WARN_COMMA = YES;
				CLANG_WARN_CONSTANT_CONVERSION = YES;
				CLANG_WARN_DEPRECATED_OBJC_IMPLEMENTATIONS = YES;
				CLANG_WARN_DIRECT_OBJC_ISA_USAGE = YES_ERROR;
				CLANG_WARN_DOCUMENTATION_COMMENTS = YES;
				CLANG_WARN_EMPTY_BODY = YES;
				CLANG_WARN_ENUM_CONVERSION = YES;
				CLANG_WARN_INFINITE_RECURSION = YES;
				CLANG_WARN_INT_CONVERSION = YES;
				CLANG_WARN_NON_LITERAL_NULL_CONVERSION = YES;
				CLANG_WARN_OBJC_IMPLICIT_RETAIN_SELF = YES;
				CLANG_WARN_OBJC_LITERAL_CONVERSION = YES;
				CLANG_WARN_OBJC_ROOT_CLASS = YES_ERROR;
				CLANG_WARN_QUOTED_INCLUDE_IN_FRAMEWORK_HEADER = YES;
				CLANG_WARN_RANGE_LOOP_ANALYSIS = YES;
				CLANG_WARN_STRICT_PROTOTYPES = YES;
				CLANG_WARN_SUSPICIOUS_MOVE = YES;
				CLANG_WARN_UNGUARDED_AVAILABILITY = YES_AGGRESSIVE;
				CLANG_WARN_UNREACHABLE_CODE = YES;
				CLANG_WARN__DUPLICATE_METHOD_MATCH = YES;
				COPY_PHASE_STRIP = NO;
				DEBUG_INFORMATION_FORMAT = dwarf;
				ENABLE_STRICT_OBJC_MSGSEND = YES;
				ENABLE_TESTABILITY = YES;
				ENABLE_USER_SCRIPT_SANDBOXING = YES;
				GCC_C_LANGUAGE_STANDARD = gnu17;
				GCC_DYNAMIC_NO_PIC = NO;
				GCC_NO_COMMON_BLOCKS = YES;
				GCC_OPTIMIZATION_LEVEL = 0;
				GCC_PREPROCESSOR_DEFINITIONS = (
					"DEBUG=1",
					"$(inherited)",
				);
				GCC_WARN_64_TO_32_BIT_CONVERSION = YES;
				GCC_WARN_ABOUT_RETURN_TYPE = YES_ERROR;
				GCC_WARN_UNDECLARED_SELECTOR = YES;
				GCC_WARN_UNINITIALIZED_AUTOS = YES_AGGRESSIVE;
				GCC_WARN_UNUSED_FUNCTION = YES;
				GCC_WARN_UNUSED_VARIABLE = YES;
				LOCALIZATION_PREFERS_STRING_CATALOGS = YES;
				MTL_ENABLE_DEBUG_INFO = INCLUDE_SOURCE;
				MTL_FAST_MATH = YES;
				ONLY_ACTIVE_ARCH = YES;
				SDKROOT = xros;
				SWIFT_ACTIVE_COMPILATION_CONDITIONS = "DEBUG $(inherited)";
				SWIFT_OPTIMIZATION_LEVEL = "-Onone";
				XROS_DEPLOYMENT_TARGET = 1.1;
			};
			name = Debug;
		};
		3C3F9F402BD1F1760031BC67 /* Release */ = {
			isa = XCBuildConfiguration;
			buildSettings = {
				ALWAYS_SEARCH_USER_PATHS = NO;
				ASSETCATALOG_COMPILER_GENERATE_SWIFT_ASSET_SYMBOL_EXTENSIONS = YES;
				CLANG_ANALYZER_NONNULL = YES;
				CLANG_ANALYZER_NUMBER_OBJECT_CONVERSION = YES_AGGRESSIVE;
				CLANG_CXX_LANGUAGE_STANDARD = "gnu++20";
				CLANG_ENABLE_MODULES = YES;
				CLANG_ENABLE_OBJC_ARC = YES;
				CLANG_ENABLE_OBJC_WEAK = YES;
				CLANG_WARN_BLOCK_CAPTURE_AUTORELEASING = YES;
				CLANG_WARN_BOOL_CONVERSION = YES;
				CLANG_WARN_COMMA = YES;
				CLANG_WARN_CONSTANT_CONVERSION = YES;
				CLANG_WARN_DEPRECATED_OBJC_IMPLEMENTATIONS = YES;
				CLANG_WARN_DIRECT_OBJC_ISA_USAGE = YES_ERROR;
				CLANG_WARN_DOCUMENTATION_COMMENTS = YES;
				CLANG_WARN_EMPTY_BODY = YES;
				CLANG_WARN_ENUM_CONVERSION = YES;
				CLANG_WARN_INFINITE_RECURSION = YES;
				CLANG_WARN_INT_CONVERSION = YES;
				CLANG_WARN_NON_LITERAL_NULL_CONVERSION = YES;
				CLANG_WARN_OBJC_IMPLICIT_RETAIN_SELF = YES;
				CLANG_WARN_OBJC_LITERAL_CONVERSION = YES;
				CLANG_WARN_OBJC_ROOT_CLASS = YES_ERROR;
				CLANG_WARN_QUOTED_INCLUDE_IN_FRAMEWORK_HEADER = YES;
				CLANG_WARN_RANGE_LOOP_ANALYSIS = YES;
				CLANG_WARN_STRICT_PROTOTYPES = YES;
				CLANG_WARN_SUSPICIOUS_MOVE = YES;
				CLANG_WARN_UNGUARDED_AVAILABILITY = YES_AGGRESSIVE;
				CLANG_WARN_UNREACHABLE_CODE = YES;
				CLANG_WARN__DUPLICATE_METHOD_MATCH = YES;
				COPY_PHASE_STRIP = NO;
				DEBUG_INFORMATION_FORMAT = "dwarf-with-dsym";
				ENABLE_NS_ASSERTIONS = NO;
				ENABLE_STRICT_OBJC_MSGSEND = YES;
				ENABLE_USER_SCRIPT_SANDBOXING = YES;
				GCC_C_LANGUAGE_STANDARD = gnu17;
				GCC_NO_COMMON_BLOCKS = YES;
				GCC_WARN_64_TO_32_BIT_CONVERSION = YES;
				GCC_WARN_ABOUT_RETURN_TYPE = YES_ERROR;
				GCC_WARN_UNDECLARED_SELECTOR = YES;
				GCC_WARN_UNINITIALIZED_AUTOS = YES_AGGRESSIVE;
				GCC_WARN_UNUSED_FUNCTION = YES;
				GCC_WARN_UNUSED_VARIABLE = YES;
				LOCALIZATION_PREFERS_STRING_CATALOGS = YES;
				MTL_ENABLE_DEBUG_INFO = NO;
				MTL_FAST_MATH = YES;
				SDKROOT = xros;
				SWIFT_COMPILATION_MODE = wholemodule;
				VALIDATE_PRODUCT = YES;
				XROS_DEPLOYMENT_TARGET = 1.1;
			};
			name = Release;
		};
		3C3F9F422BD1F1760031BC67 /* Debug */ = {
			isa = XCBuildConfiguration;
			buildSettings = {
				ASSETCATALOG_COMPILER_APPICON_NAME = AppIcon;
				ASSETCATALOG_COMPILER_GLOBAL_ACCENT_COLOR_NAME = AccentColor;
				CODE_SIGN_STYLE = Automatic;
				CURRENT_PROJECT_VERSION = 1;
				DEVELOPMENT_ASSET_PATHS = "\"RotationGesture/Preview Content\"";
				DEVELOPMENT_TEAM = 56KP2QUWG9;
				ENABLE_PREVIEWS = YES;
				GENERATE_INFOPLIST_FILE = YES;
				INFOPLIST_FILE = "$(TARGET_NAME)/Info.plist";
				LD_RUNPATH_SEARCH_PATHS = (
					"$(inherited)",
					"@executable_path/Frameworks",
				);
				MARKETING_VERSION = 1.0;
				PRODUCT_BUNDLE_IDENTIFIER = heejeong.RotationGesture;
				PRODUCT_NAME = "$(TARGET_NAME)";
				SUPPORTED_PLATFORMS = "xros xrsimulator";
				SWIFT_EMIT_LOC_STRINGS = YES;
				SWIFT_VERSION = 5.0;
				TARGETED_DEVICE_FAMILY = "1,2,7";
			};
			name = Debug;
		};
		3C3F9F432BD1F1760031BC67 /* Release */ = {
			isa = XCBuildConfiguration;
			buildSettings = {
				ASSETCATALOG_COMPILER_APPICON_NAME = AppIcon;
				ASSETCATALOG_COMPILER_GLOBAL_ACCENT_COLOR_NAME = AccentColor;
				CODE_SIGN_STYLE = Automatic;
				CURRENT_PROJECT_VERSION = 1;
				DEVELOPMENT_ASSET_PATHS = "\"RotationGesture/Preview Content\"";
				DEVELOPMENT_TEAM = 56KP2QUWG9;
				ENABLE_PREVIEWS = YES;
				GENERATE_INFOPLIST_FILE = YES;
				INFOPLIST_FILE = "$(TARGET_NAME)/Info.plist";
				LD_RUNPATH_SEARCH_PATHS = (
					"$(inherited)",
					"@executable_path/Frameworks",
				);
				MARKETING_VERSION = 1.0;
				PRODUCT_BUNDLE_IDENTIFIER = heejeong.RotationGesture;
				PRODUCT_NAME = "$(TARGET_NAME)";
				SUPPORTED_PLATFORMS = "xros xrsimulator";
				SWIFT_EMIT_LOC_STRINGS = YES;
				SWIFT_VERSION = 5.0;
				TARGETED_DEVICE_FAMILY = "1,2,7";
			};
			name = Release;
		};
/* End XCBuildConfiguration section */

/* Begin XCConfigurationList section */
		3C3F9F292BD1F1740031BC67 /* Build configuration list for PBXProject "RotationGesture" */ = {
			isa = XCConfigurationList;
			buildConfigurations = (
				3C3F9F3F2BD1F1760031BC67 /* Debug */,
				3C3F9F402BD1F1760031BC67 /* Release */,
			);
			defaultConfigurationIsVisible = 0;
			defaultConfigurationName = Release;
		};
		3C3F9F412BD1F1760031BC67 /* Build configuration list for PBXNativeTarget "RotationGesture" */ = {
			isa = XCConfigurationList;
			buildConfigurations = (
				3C3F9F422BD1F1760031BC67 /* Debug */,
				3C3F9F432BD1F1760031BC67 /* Release */,
			);
			defaultConfigurationIsVisible = 0;
			defaultConfigurationName = Release;
		};
/* End XCConfigurationList section */

/* Begin XCSwiftPackageProductDependency section */
		3C3F9F332BD1F1740031BC67 /* RealityKitContent */ = {
			isa = XCSwiftPackageProductDependency;
			productName = RealityKitContent;
		};
/* End XCSwiftPackageProductDependency section */
	};
	rootObject = 3C3F9F262BD1F1740031BC67 /* Project object */;
}
