// !$*UTF8*$!
{
	archiveVersion = 1;
	classes = {
	};
	objectVersion = 56;
	objects = {

/* Begin PBXBuildFile section */
		3C9C8A522BA3E2D800AAA3FD /* RealityKitContent in Frameworks */ = {isa = PBXBuildFile; productRef = 3C9C8A512BA3E2D800AAA3FD /* RealityKitContent */; };
		3C9C8A542BA3E2D800AAA3FD /* basicUIApp.swift in Sources */ = {isa = PBXBuildFile; fileRef = 3C9C8A532BA3E2D800AAA3FD /* basicUIApp.swift */; };
		3C9C8A562BA3E2D800AAA3FD /* ContentView.swift in Sources */ = {isa = PBXBuildFile; fileRef = 3C9C8A552BA3E2D800AAA3FD /* ContentView.swift */; };
		3C9C8A582BA3E2D800AAA3FD /* ImmersiveView.swift in Sources */ = {isa = PBXBuildFile; fileRef = 3C9C8A572BA3E2D800AAA3FD /* ImmersiveView.swift */; };
		3C9C8A5A2BA3E2DA00AAA3FD /* Assets.xcassets in Resources */ = {isa = PBXBuildFile; fileRef = 3C9C8A592BA3E2DA00AAA3FD /* Assets.xcassets */; };
		3C9C8A5D2BA3E2DA00AAA3FD /* Preview Assets.xcassets in Resources */ = {isa = PBXBuildFile; fileRef = 3C9C8A5C2BA3E2DA00AAA3FD /* Preview Assets.xcassets */; };
		3C9C8A652BA3E53800AAA3FD /* MainView.swift in Sources */ = {isa = PBXBuildFile; fileRef = 3C9C8A642BA3E53800AAA3FD /* MainView.swift */; };
/* End PBXBuildFile section */

/* Begin PBXFileReference section */
		3C9C8A4C2BA3E2D800AAA3FD /* basicUI.app */ = {isa = PBXFileReference; explicitFileType = wrapper.application; includeInIndex = 0; path = basicUI.app; sourceTree = BUILT_PRODUCTS_DIR; };
		3C9C8A502BA3E2D800AAA3FD /* RealityKitContent */ = {isa = PBXFileReference; lastKnownFileType = wrapper; path = RealityKitContent; sourceTree = "<group>"; };
		3C9C8A532BA3E2D800AAA3FD /* basicUIApp.swift */ = {isa = PBXFileReference; lastKnownFileType = sourcecode.swift; path = basicUIApp.swift; sourceTree = "<group>"; };
		3C9C8A552BA3E2D800AAA3FD /* ContentView.swift */ = {isa = PBXFileReference; lastKnownFileType = sourcecode.swift; path = ContentView.swift; sourceTree = "<group>"; };
		3C9C8A572BA3E2D800AAA3FD /* ImmersiveView.swift */ = {isa = PBXFileReference; lastKnownFileType = sourcecode.swift; path = ImmersiveView.swift; sourceTree = "<group>"; };
		3C9C8A592BA3E2DA00AAA3FD /* Assets.xcassets */ = {isa = PBXFileReference; lastKnownFileType = folder.assetcatalog; path = Assets.xcassets; sourceTree = "<group>"; };
		3C9C8A5C2BA3E2DA00AAA3FD /* Preview Assets.xcassets */ = {isa = PBXFileReference; lastKnownFileType = folder.assetcatalog; path = "Preview Assets.xcassets"; sourceTree = "<group>"; };
		3C9C8A5E2BA3E2DA00AAA3FD /* Info.plist */ = {isa = PBXFileReference; lastKnownFileType = text.plist.xml; path = Info.plist; sourceTree = "<group>"; };
		3C9C8A642BA3E53800AAA3FD /* MainView.swift */ = {isa = PBXFileReference; lastKnownFileType = sourcecode.swift; path = MainView.swift; sourceTree = "<group>"; };
/* End PBXFileReference section */

/* Begin PBXFrameworksBuildPhase section */
		3C9C8A492BA3E2D800AAA3FD /* Frameworks */ = {
			isa = PBXFrameworksBuildPhase;
			buildActionMask = 2147483647;
			files = (
				3C9C8A522BA3E2D800AAA3FD /* RealityKitContent in Frameworks */,
			);
			runOnlyForDeploymentPostprocessing = 0;
		};
/* End PBXFrameworksBuildPhase section */

/* Begin PBXGroup section */
		3C9C8A432BA3E2D800AAA3FD = {
			isa = PBXGroup;
			children = (
				3C9C8A4E2BA3E2D800AAA3FD /* basicUI */,
				3C9C8A4F2BA3E2D800AAA3FD /* Packages */,
				3C9C8A4D2BA3E2D800AAA3FD /* Products */,
			);
			sourceTree = "<group>";
		};
		3C9C8A4D2BA3E2D800AAA3FD /* Products */ = {
			isa = PBXGroup;
			children = (
				3C9C8A4C2BA3E2D800AAA3FD /* basicUI.app */,
			);
			name = Products;
			sourceTree = "<group>";
		};
		3C9C8A4E2BA3E2D800AAA3FD /* basicUI */ = {
			isa = PBXGroup;
			children = (
				3C9C8A532BA3E2D800AAA3FD /* basicUIApp.swift */,
				3C9C8A552BA3E2D800AAA3FD /* ContentView.swift */,
				3C9C8A572BA3E2D800AAA3FD /* ImmersiveView.swift */,
				3C9C8A642BA3E53800AAA3FD /* MainView.swift */,
				3C9C8A592BA3E2DA00AAA3FD /* Assets.xcassets */,
				3C9C8A5E2BA3E2DA00AAA3FD /* Info.plist */,
				3C9C8A5B2BA3E2DA00AAA3FD /* Preview Content */,
			);
			path = basicUI;
			sourceTree = "<group>";
		};
		3C9C8A4F2BA3E2D800AAA3FD /* Packages */ = {
			isa = PBXGroup;
			children = (
				3C9C8A502BA3E2D800AAA3FD /* RealityKitContent */,
			);
			path = Packages;
			sourceTree = "<group>";
		};
		3C9C8A5B2BA3E2DA00AAA3FD /* Preview Content */ = {
			isa = PBXGroup;
			children = (
				3C9C8A5C2BA3E2DA00AAA3FD /* Preview Assets.xcassets */,
			);
			path = "Preview Content";
			sourceTree = "<group>";
		};
/* End PBXGroup section */

/* Begin PBXNativeTarget section */
		3C9C8A4B2BA3E2D800AAA3FD /* basicUI */ = {
			isa = PBXNativeTarget;
			buildConfigurationList = 3C9C8A612BA3E2DA00AAA3FD /* Build configuration list for PBXNativeTarget "basicUI" */;
			buildPhases = (
				3C9C8A482BA3E2D800AAA3FD /* Sources */,
				3C9C8A492BA3E2D800AAA3FD /* Frameworks */,
				3C9C8A4A2BA3E2D800AAA3FD /* Resources */,
			);
			buildRules = (
			);
			dependencies = (
			);
			name = basicUI;
			packageProductDependencies = (
				3C9C8A512BA3E2D800AAA3FD /* RealityKitContent */,
			);
			productName = basicUI;
			productReference = 3C9C8A4C2BA3E2D800AAA3FD /* basicUI.app */;
			productType = "com.apple.product-type.application";
		};
/* End PBXNativeTarget section */

/* Begin PBXProject section */
		3C9C8A442BA3E2D800AAA3FD /* Project object */ = {
			isa = PBXProject;
			attributes = {
				BuildIndependentTargetsInParallel = 1;
				LastSwiftUpdateCheck = 1530;
				LastUpgradeCheck = 1530;
				TargetAttributes = {
					3C9C8A4B2BA3E2D800AAA3FD = {
						CreatedOnToolsVersion = 15.3;
					};
				};
			};
			buildConfigurationList = 3C9C8A472BA3E2D800AAA3FD /* Build configuration list for PBXProject "basicUI" */;
			compatibilityVersion = "Xcode 14.0";
			developmentRegion = en;
			hasScannedForEncodings = 0;
			knownRegions = (
				en,
				Base,
			);
			mainGroup = 3C9C8A432BA3E2D800AAA3FD;
			productRefGroup = 3C9C8A4D2BA3E2D800AAA3FD /* Products */;
			projectDirPath = "";
			projectRoot = "";
			targets = (
				3C9C8A4B2BA3E2D800AAA3FD /* basicUI */,
			);
		};
/* End PBXProject section */

/* Begin PBXResourcesBuildPhase section */
		3C9C8A4A2BA3E2D800AAA3FD /* Resources */ = {
			isa = PBXResourcesBuildPhase;
			buildActionMask = 2147483647;
			files = (
				3C9C8A5D2BA3E2DA00AAA3FD /* Preview Assets.xcassets in Resources */,
				3C9C8A5A2BA3E2DA00AAA3FD /* Assets.xcassets in Resources */,
			);
			runOnlyForDeploymentPostprocessing = 0;
		};
/* End PBXResourcesBuildPhase section */

/* Begin PBXSourcesBuildPhase section */
		3C9C8A482BA3E2D800AAA3FD /* Sources */ = {
			isa = PBXSourcesBuildPhase;
			buildActionMask = 2147483647;
			files = (
				3C9C8A562BA3E2D800AAA3FD /* ContentView.swift in Sources */,
				3C9C8A652BA3E53800AAA3FD /* MainView.swift in Sources */,
				3C9C8A542BA3E2D800AAA3FD /* basicUIApp.swift in Sources */,
				3C9C8A582BA3E2D800AAA3FD /* ImmersiveView.swift in Sources */,
			);
			runOnlyForDeploymentPostprocessing = 0;
		};
/* End PBXSourcesBuildPhase section */

/* Begin XCBuildConfiguration section */
		3C9C8A5F2BA3E2DA00AAA3FD /* Debug */ = {
			isa = XCBuildConfiguration;
			buildSettings = {
				ALWAYS_SEARCH_USER_PATHS = NO;
				ASSETCATALOG_COMPILER_GENERATE_SWIFT_ASSET_SYMBOL_EXTENSIONS = YES;
				CLANG_ANALYZER_NONNULL = YES;
				CLANG_ANALYZER_NUMBER_OBJECT_CONVERSION = YES_AGGRESSIVE;
				CLANG_CXX_LANGUAGE_STANDARD = "gnu++20";
				CLANG_ENABLE_MODULES = YES;
				CLANG_ENABLE_OBJC_ARC = YES;
				CLANG_ENABLE_OBJC_WEAK = YES;
				CLANG_WARN_BLOCK_CAPTURE_AUTORELEASING = YES;
				CLANG_WARN_BOOL_CONVERSION = YES;
				CLANG_WARN_COMMA = YES;
				CLANG_WARN_CONSTANT_CONVERSION = YES;
				CLANG_WARN_DEPRECATED_OBJC_IMPLEMENTATIONS = YES;
				CLANG_WARN_DIRECT_OBJC_ISA_USAGE = YES_ERROR;
				CLANG_WARN_DOCUMENTATION_COMMENTS = YES;
				CLANG_WARN_EMPTY_BODY = YES;
				CLANG_WARN_ENUM_CONVERSION = YES;
				CLANG_WARN_INFINITE_RECURSION = YES;
				CLANG_WARN_INT_CONVERSION = YES;
				CLANG_WARN_NON_LITERAL_NULL_CONVERSION = YES;
				CLANG_WARN_OBJC_IMPLICIT_RETAIN_SELF = YES;
				CLANG_WARN_OBJC_LITERAL_CONVERSION = YES;
				CLANG_WARN_OBJC_ROOT_CLASS = YES_ERROR;
				CLANG_WARN_QUOTED_INCLUDE_IN_FRAMEWORK_HEADER = YES;
				CLANG_WARN_RANGE_LOOP_ANALYSIS = YES;
				CLANG_WARN_STRICT_PROTOTYPES = YES;
				CLANG_WARN_SUSPICIOUS_MOVE = YES;
				CLANG_WARN_UNGUARDED_AVAILABILITY = YES_AGGRESSIVE;
				CLANG_WARN_UNREACHABLE_CODE = YES;
				CLANG_WARN__DUPLICATE_METHOD_MATCH = YES;
				COPY_PHASE_STRIP = NO;
				DEBUG_INFORMATION_FORMAT = dwarf;
				ENABLE_STRICT_OBJC_MSGSEND = YES;
				ENABLE_TESTABILITY = YES;
				ENABLE_USER_SCRIPT_SANDBOXING = YES;
				GCC_C_LANGUAGE_STANDARD = gnu17;
				GCC_DYNAMIC_NO_PIC = NO;
				GCC_NO_COMMON_BLOCKS = YES;
				GCC_OPTIMIZATION_LEVEL = 0;
				GCC_PREPROCESSOR_DEFINITIONS = (
					"DEBUG=1",
					"$(inherited)",
				);
				GCC_WARN_64_TO_32_BIT_CONVERSION = YES;
				GCC_WARN_ABOUT_RETURN_TYPE = YES_ERROR;
				GCC_WARN_UNDECLARED_SELECTOR = YES;
				GCC_WARN_UNINITIALIZED_AUTOS = YES_AGGRESSIVE;
				GCC_WARN_UNUSED_FUNCTION = YES;
				GCC_WARN_UNUSED_VARIABLE = YES;
				LOCALIZATION_PREFERS_STRING_CATALOGS = YES;
				MTL_ENABLE_DEBUG_INFO = INCLUDE_SOURCE;
				MTL_FAST_MATH = YES;
				ONLY_ACTIVE_ARCH = YES;
				SDKROOT = xros;
				SWIFT_ACTIVE_COMPILATION_CONDITIONS = "DEBUG $(inherited)";
				SWIFT_OPTIMIZATION_LEVEL = "-Onone";
				XROS_DEPLOYMENT_TARGET = 1.1;
			};
			name = Debug;
		};
		3C9C8A602BA3E2DA00AAA3FD /* Release */ = {
			isa = XCBuildConfiguration;
			buildSettings = {
				ALWAYS_SEARCH_USER_PATHS = NO;
				ASSETCATALOG_COMPILER_GENERATE_SWIFT_ASSET_SYMBOL_EXTENSIONS = YES;
				CLANG_ANALYZER_NONNULL = YES;
				CLANG_ANALYZER_NUMBER_OBJECT_CONVERSION = YES_AGGRESSIVE;
				CLANG_CXX_LANGUAGE_STANDARD = "gnu++20";
				CLANG_ENABLE_MODULES = YES;
				CLANG_ENABLE_OBJC_ARC = YES;
				CLANG_ENABLE_OBJC_WEAK = YES;
				CLANG_WARN_BLOCK_CAPTURE_AUTORELEASING = YES;
				CLANG_WARN_BOOL_CONVERSION = YES;
				CLANG_WARN_COMMA = YES;
				CLANG_WARN_CONSTANT_CONVERSION = YES;
				CLANG_WARN_DEPRECATED_OBJC_IMPLEMENTATIONS = YES;
				CLANG_WARN_DIRECT_OBJC_ISA_USAGE = YES_ERROR;
				CLANG_WARN_DOCUMENTATION_COMMENTS = YES;
				CLANG_WARN_EMPTY_BODY = YES;
				CLANG_WARN_ENUM_CONVERSION = YES;
				CLANG_WARN_INFINITE_RECURSION = YES;
				CLANG_WARN_INT_CONVERSION = YES;
				CLANG_WARN_NON_LITERAL_NULL_CONVERSION = YES;
				CLANG_WARN_OBJC_IMPLICIT_RETAIN_SELF = YES;
				CLANG_WARN_OBJC_LITERAL_CONVERSION = YES;
				CLANG_WARN_OBJC_ROOT_CLASS = YES_ERROR;
				CLANG_WARN_QUOTED_INCLUDE_IN_FRAMEWORK_HEADER = YES;
				CLANG_WARN_RANGE_LOOP_ANALYSIS = YES;
				CLANG_WARN_STRICT_PROTOTYPES = YES;
				CLANG_WARN_SUSPICIOUS_MOVE = YES;
				CLANG_WARN_UNGUARDED_AVAILABILITY = YES_AGGRESSIVE;
				CLANG_WARN_UNREACHABLE_CODE = YES;
				CLANG_WARN__DUPLICATE_METHOD_MATCH = YES;
				COPY_PHASE_STRIP = NO;
				DEBUG_INFORMATION_FORMAT = "dwarf-with-dsym";
				ENABLE_NS_ASSERTIONS = NO;
				ENABLE_STRICT_OBJC_MSGSEND = YES;
				ENABLE_USER_SCRIPT_SANDBOXING = YES;
				GCC_C_LANGUAGE_STANDARD = gnu17;
				GCC_NO_COMMON_BLOCKS = YES;
				GCC_WARN_64_TO_32_BIT_CONVERSION = YES;
				GCC_WARN_ABOUT_RETURN_TYPE = YES_ERROR;
				GCC_WARN_UNDECLARED_SELECTOR = YES;
				GCC_WARN_UNINITIALIZED_AUTOS = YES_AGGRESSIVE;
				GCC_WARN_UNUSED_FUNCTION = YES;
				GCC_WARN_UNUSED_VARIABLE = YES;
				LOCALIZATION_PREFERS_STRING_CATALOGS = YES;
				MTL_ENABLE_DEBUG_INFO = NO;
				MTL_FAST_MATH = YES;
				SDKROOT = xros;
				SWIFT_COMPILATION_MODE = wholemodule;
				VALIDATE_PRODUCT = YES;
				XROS_DEPLOYMENT_TARGET = 1.1;
			};
			name = Release;
		};
		3C9C8A622BA3E2DA00AAA3FD /* Debug */ = {
			isa = XCBuildConfiguration;
			buildSettings = {
				ASSETCATALOG_COMPILER_APPICON_NAME = AppIcon;
				ASSETCATALOG_COMPILER_GLOBAL_ACCENT_COLOR_NAME = AccentColor;
				CODE_SIGN_STYLE = Automatic;
				CURRENT_PROJECT_VERSION = 1;
				DEVELOPMENT_ASSET_PATHS = "\"basicUI/Preview Content\"";
				DEVELOPMENT_TEAM = 56KP2QUWG9;
				ENABLE_PREVIEWS = YES;
				GENERATE_INFOPLIST_FILE = YES;
				INFOPLIST_FILE = "$(TARGET_NAME)/Info.plist";
				LD_RUNPATH_SEARCH_PATHS = (
					"$(inherited)",
					"@executable_path/Frameworks",
				);
				MARKETING_VERSION = 1.0;
				PRODUCT_BUNDLE_IDENTIFIER = heejeong.basicUI;
				PRODUCT_NAME = "$(TARGET_NAME)";
				SUPPORTED_PLATFORMS = "xros xrsimulator";
				SWIFT_EMIT_LOC_STRINGS = YES;
				SWIFT_VERSION = 5.0;
				TARGETED_DEVICE_FAMILY = "1,2,7";
			};
			name = Debug;
		};
		3C9C8A632BA3E2DA00AAA3FD /* Release */ = {
			isa = XCBuildConfiguration;
			buildSettings = {
				ASSETCATALOG_COMPILER_APPICON_NAME = AppIcon;
				ASSETCATALOG_COMPILER_GLOBAL_ACCENT_COLOR_NAME = AccentColor;
				CODE_SIGN_STYLE = Automatic;
				CURRENT_PROJECT_VERSION = 1;
				DEVELOPMENT_ASSET_PATHS = "\"basicUI/Preview Content\"";
				DEVELOPMENT_TEAM = 56KP2QUWG9;
				ENABLE_PREVIEWS = YES;
				GENERATE_INFOPLIST_FILE = YES;
				INFOPLIST_FILE = "$(TARGET_NAME)/Info.plist";
				LD_RUNPATH_SEARCH_PATHS = (
					"$(inherited)",
					"@executable_path/Frameworks",
				);
				MARKETING_VERSION = 1.0;
				PRODUCT_BUNDLE_IDENTIFIER = heejeong.basicUI;
				PRODUCT_NAME = "$(TARGET_NAME)";
				SUPPORTED_PLATFORMS = "xros xrsimulator";
				SWIFT_EMIT_LOC_STRINGS = YES;
				SWIFT_VERSION = 5.0;
				TARGETED_DEVICE_FAMILY = "1,2,7";
			};
			name = Release;
		};
/* End XCBuildConfiguration section */

/* Begin XCConfigurationList section */
		3C9C8A472BA3E2D800AAA3FD /* Build configuration list for PBXProject "basicUI" */ = {
			isa = XCConfigurationList;
			buildConfigurations = (
				3C9C8A5F2BA3E2DA00AAA3FD /* Debug */,
				3C9C8A602BA3E2DA00AAA3FD /* Release */,
			);
			defaultConfigurationIsVisible = 0;
			defaultConfigurationName = Release;
		};
		3C9C8A612BA3E2DA00AAA3FD /* Build configuration list for PBXNativeTarget "basicUI" */ = {
			isa = XCConfigurationList;
			buildConfigurations = (
				3C9C8A622BA3E2DA00AAA3FD /* Debug */,
				3C9C8A632BA3E2DA00AAA3FD /* Release */,
			);
			defaultConfigurationIsVisible = 0;
			defaultConfigurationName = Release;
		};
/* End XCConfigurationList section */

/* Begin XCSwiftPackageProductDependency section */
		3C9C8A512BA3E2D800AAA3FD /* RealityKitContent */ = {
			isa = XCSwiftPackageProductDependency;
			productName = RealityKitContent;
		};
/* End XCSwiftPackageProductDependency section */
	};
	rootObject = 3C9C8A442BA3E2D800AAA3FD /* Project object */;
}
